<?xml version="1.0" encoding="utf-8"?>
<Project ToolsVersion="4.0" xmlns="http://schemas.microsoft.com/developer/msbuild/2003">
  <ItemGroup>
    <Filter Include="Source Files">
      <UniqueIdentifier>{4FC737F1-C7A5-4376-A066-2A32D752A2FF}</UniqueIdentifier>
      <Extensions>cpp;c;cc;cxx;c++;cppm;ixx;def;odl;idl;hpj;bat;asm;asmx</Extensions>
    </Filter>
    <Filter Include="Header Files">
      <UniqueIdentifier>{93995380-89BD-4b04-88EB-625FBE52EBFB}</UniqueIdentifier>
      <Extensions>h;hh;hpp;hxx;h++;hm;inl;inc;ipp;xsd</Extensions>
    </Filter>
    <Filter Include="Resource Files">
      <UniqueIdentifier>{67DA6AB6-F800-4c08-8B7A-83BB121AAD01}</UniqueIdentifier>
      <Extensions>rc;ico;cur;bmp;dlg;rc2;rct;bin;rgs;gif;jpg;jpeg;jpe;resx;tiff;tif;png;wav;mfcribbon-ms</Extensions>
    </Filter>
  </ItemGroup>
  <ItemGroup>
    <ClCompile Include="src\singleton\EngineCore.cpp">
      <Filter>Source Files</Filter>
    </ClCompile>
    <ClCompile Include="third_party\olcPixelGameEngine.cpp">
      <Filter>Source Files</Filter>
    </ClCompile>
    <ClCompile Include="src\singleton\SceneManager.cpp">
      <Filter>Source Files</Filter>
    </ClCompile>
    <ClCompile Include="src\scene\BattleScene.cpp">
      <Filter>Source Files</Filter>
    </ClCompile>
    <ClCompile Include="src\singleton\DataManager.cpp">
      <Filter>Source Files</Filter>
    </ClCompile>
    <ClCompile Include="src\user_interface\menu\Menu.cpp">
      <Filter>Source Files</Filter>
    </ClCompile>
    <ClCompile Include="src\singleton\GameSettings.cpp">
      <Filter>Source Files</Filter>
    </ClCompile>
    <ClCompile Include="src\user_interface\menu\battle\BattleMainMenu.cpp">
      <Filter>Source Files</Filter>
    </ClCompile>
    <ClCompile Include="src\singleton\PartyManager.cpp">
      <Filter>Source Files</Filter>
    </ClCompile>
    <ClCompile Include="src\struct\battle\Skill.cpp">
      <Filter>Source Files</Filter>
    </ClCompile>
    <ClCompile Include="src\singleton\MenuManager.cpp">
      <Filter>Source Files</Filter>
    </ClCompile>
    <ClCompile Include="src\struct\character\EnemyCharacter.cpp">
      <Filter>Source Files</Filter>
    </ClCompile>
    <ClCompile Include="src\user_interface\menu\battle\BattleSkillMenu.cpp">
      <Filter>Source Files</Filter>
    </ClCompile>
    <ClCompile Include="src\user_interface\menu\general\ConfirmWindow.cpp">
      <Filter>Source Files</Filter>
    </ClCompile>
    <ClCompile Include="src\user_interface\menu\battle\BattleTargetMenu.cpp">
      <Filter>Source Files</Filter>
    </ClCompile>
    <ClCompile Include="src\singleton\ObjectManager.cpp">
      <Filter>Source Files</Filter>
    </ClCompile>
    <ClCompile Include="src\object\Object.cpp">
      <Filter>Source Files</Filter>
    </ClCompile>
    <ClCompile Include="src\extension\EngineCoreExt.cpp">
      <Filter>Source Files</Filter>
    </ClCompile>
    <ClCompile Include="src\object\dynamic\ObjPlayer.cpp">
      <Filter>Source Files</Filter>
    </ClCompile>
    <ClCompile Include="src\object\dynamic\DynamicObject.cpp">
      <Filter>Source Files</Filter>
    </ClCompile>
    <ClCompile Include="src\user_interface\battle\BattleUI.cpp">
      <Filter>Source Files</Filter>
    </ClCompile>
    <ClCompile Include="src\user_interface\battle\BattleUIElement.cpp">
      <Filter>Source Files</Filter>
    </ClCompile>
    <ClCompile Include="src\user_interface\battle\PartyUIElement.cpp">
      <Filter>Source Files</Filter>
    </ClCompile>
    <ClCompile Include="src\struct\object\Animation.cpp">
      <Filter>Source Files</Filter>
    </ClCompile>
  </ItemGroup>
  <ItemGroup>
    <ClInclude Include="src\singleton\EngineCore.hpp">
      <Filter>Header Files</Filter>
    </ClInclude>
    <ClInclude Include="src\utility\GeneralMacros.hpp">
      <Filter>Header Files</Filter>
    </ClInclude>
    <ClInclude Include="third_party\olcPixelGameEngine.hpp">
      <Filter>Header Files</Filter>
    </ClInclude>
    <ClInclude Include="src\utility\BattleMacros.hpp">
      <Filter>Header Files</Filter>
    </ClInclude>
    <ClInclude Include="src\struct\battle\Combatant.hpp">
      <Filter>Header Files</Filter>
    </ClInclude>
    <ClInclude Include="src\struct\character\BaseCharacter.hpp">
      <Filter>Header Files</Filter>
    </ClInclude>
    <ClInclude Include="src\utility\CharacterMacros.hpp">
      <Filter>Header Files</Filter>
    </ClInclude>
    <ClInclude Include="src\utility\UtilityFunctions.hpp">
      <Filter>Header Files</Filter>
    </ClInclude>
    <ClInclude Include="src\struct\character\PlayerCharacter.hpp">
      <Filter>Header Files</Filter>
    </ClInclude>
    <ClInclude Include="src\singleton\SceneManager.hpp">
      <Filter>Header Files</Filter>
    </ClInclude>
    <ClInclude Include="src\scene\Scene.hpp">
      <Filter>Header Files</Filter>
    </ClInclude>
    <ClInclude Include="src\utility\SceneMacros.hpp">
      <Filter>Header Files</Filter>
    </ClInclude>
    <ClInclude Include="src\scene\BattleScene.hpp">
      <Filter>Header Files</Filter>
    </ClInclude>
    <ClInclude Include="src\struct\character\EnemyCharacter.hpp">
      <Filter>Header Files</Filter>
    </ClInclude>
    <ClInclude Include="src\singleton\DataManager.hpp">
      <Filter>Header Files</Filter>
    </ClInclude>
    <ClInclude Include="src\struct\battle\Skill.hpp">
      <Filter>Header Files</Filter>
    </ClInclude>
    <ClInclude Include="src\user_interface\menu\Menu.hpp">
      <Filter>Header Files</Filter>
    </ClInclude>
    <ClInclude Include="src\singleton\GameSettings.hpp">
      <Filter>Header Files</Filter>
    </ClInclude>
    <ClInclude Include="src\utility\MenuMacros.hpp">
      <Filter>Header Files</Filter>
    </ClInclude>
    <ClInclude Include="src\user_interface\menu\battle\BattleMainMenu.hpp">
      <Filter>Header Files</Filter>
    </ClInclude>
    <ClInclude Include="src\singleton\PartyManager.hpp">
      <Filter>Header Files</Filter>
    </ClInclude>
    <ClInclude Include="third_party\json.hpp">
      <Filter>Header Files</Filter>
    </ClInclude>
    <ClInclude Include="src\utility\DataMacros.hpp">
      <Filter>Header Files</Filter>
    </ClInclude>
    <ClInclude Include="src\singleton\MenuManager.hpp">
      <Filter>Header Files</Filter>
    </ClInclude>
    <ClInclude Include="src\user_interface\menu\battle\BattleSkillMenu.hpp">
      <Filter>Header Files</Filter>
    </ClInclude>
    <ClInclude Include="src\user_interface\menu\general\ConfirmWindow.hpp">
      <Filter>Header Files</Filter>
    </ClInclude>
    <ClInclude Include="src\user_interface\menu\battle\BattleTargetMenu.hpp">
      <Filter>Header Files</Filter>
    </ClInclude>
    <ClInclude Include="src\singleton\ObjectManager.hpp">
      <Filter>Header Files</Filter>
    </ClInclude>
    <ClInclude Include="src\object\Object.hpp">
      <Filter>Header Files</Filter>
    </ClInclude>
    <ClInclude Include="src\utility\ObjectMacros.hpp">
      <Filter>Header Files</Filter>
    </ClInclude>
    <ClInclude Include="src\extension\EngineCoreExt.hpp">
      <Filter>Header Files</Filter>
    </ClInclude>
    <ClInclude Include="src\object\dynamic\ObjPlayer.hpp">
      <Filter>Header Files</Filter>
    </ClInclude>
    <ClInclude Include="src\object\dynamic\DynamicObject.hpp">
      <Filter>Header Files</Filter>
    </ClInclude>
    <ClInclude Include="src\user_interface\battle\BattleUI.hpp">
      <Filter>Header Files</Filter>
    </ClInclude>
    <ClInclude Include="src\user_interface\battle\BattleUIElement.hpp">
      <Filter>Source Files</Filter>
    </ClInclude>
    <ClInclude Include="src\user_interface\battle\PartyUIElement.hpp">
      <Filter>Header Files</Filter>
    </ClInclude>
    <ClInclude Include="src\struct\user_interface\menu\MenuOption.hpp">
      <Filter>Header Files</Filter>
    </ClInclude>
    <ClInclude Include="src\struct\user_interface\menu\MenuTitle.hpp">
      <Filter>Header Files</Filter>
    </ClInclude>
    <ClInclude Include="src\struct\object\Animation.hpp">
      <Filter>Header Files</Filter>
    </ClInclude>
    <ClInclude Include="src\struct\user_interface\general\TextElement.hpp">
      <Filter>Header Files</Filter>
    </ClInclude>
  </ItemGroup>
  <ItemGroup>
    <None Include="settings.ini" />
    <None Include="resources\data\characters.json" />
    <None Include="resources\data\encounters.json" />
    <None Include="resources\data\skills.json" />
  </ItemGroup>
  <ItemGroup>
    <Image Include="resources\graphics\test_spritesheet.png">
      <Filter>Resource Files</Filter>
    </Image>
  </ItemGroup>
</Project>